
Microsoft Visual Studio Solution File, Format Version 12.00
# Visual Studio Version 17
VisualStudioVersion = 17.9.34714.143
MinimumVisualStudioVersion = 10.0.40219.1
Project("{8BC9CEB8-8B4A-11D0-8D11-00A0C91BC942}") = "5-course8-project1", "5-course8-project1\5-course8-project1.vcxproj", "{20DA8CB8-2C0B-4C72-A699-412427C083F0}"
EndProject
Global
	GlobalSection(SolutionConfigurationPlatforms) = preSolution
		Debug|x64 = Debug|x64
		Debug|x86 = Debug|x86
		Release|x64 = Release|x64
		Release|x86 = Release|x86
	EndGlobalSection
	GlobalSection(ProjectConfigurationPlatforms) = postSolution
		{20DA8CB8-2C0B-4C72-A699-412427C083F0}.Debug|x64.ActiveCfg = Debug|x64
		{20DA8CB8-2C0B-4C72-A699-412427C083F0}.Debug|x64.Build.0 = Debug|x64
		{20DA8CB8-2C0B-4C72-A699-412427C083F0}.Debug|x86.ActiveCfg = Debug|Win32
		{20DA8CB8-2C0B-4C72-A699-412427C083F0}.Debug|x86.Build.0 = Debug|Win32
		{20DA8CB8-2C0B-4C72-A699-412427C083F0}.Release|x64.ActiveCfg = Release|x64
		{20DA8CB8-2C0B-4C72-A699-412427C083F0}.Release|x64.Build.0 = Release|x64
		{20DA8CB8-2C0B-4C72-A699-412427C083F0}.Release|x86.ActiveCfg = Release|Win32
		{20DA8CB8-2C0B-4C72-A699-412427C083F0}.Release|x86.Build.0 = Release|Win32
	EndGlobalSection
	GlobalSection(SolutionProperties) = preSolution
		HideSolutionNode = FALSE
	EndGlobalSection
	GlobalSection(ExtensibilityGlobals) = postSolution
		SolutionGuid = {29D846F1-9D1B-4D7F-B38E-84D08D3E4A98}
	EndGlobalSection
EndGlobal
